
Microsoft Visual Studio Solution File, Format Version 12.00
# Visual Studio Version 16
VisualStudioVersion = 16.0.29230.47
MinimumVisualStudioVersion = 10.0.40219.1
Project("{8BC9CEB8-8B4A-11D0-8D11-00A0C91BC942}") = "VCNL4100", "VCNL4100.vcxitems", "{B1E03868-B5E9-4A25-9552-092733FB7FEA}"
EndProject
Global
	GlobalSection(SharedMSBuildProjectFiles) = preSolution
		VCNL4100.vcxitems*{b1e03868-b5e9-4a25-9552-092733fb7fea}*SharedItemsImports = 9
	EndGlobalSection
	GlobalSection(SolutionConfigurationPlatforms) = preSolution
		Debug|x86 = Debug|x86
		Release|x86 = Release|x86
	EndGlobalSection
	GlobalSection(SolutionProperties) = preSolution
		HideSolutionNode = FALSE
	EndGlobalSection
	GlobalSection(ExtensibilityGlobals) = postSolution
		SolutionGuid = {05DC319D-8A37-4790-ACC6-089C4B49D5C9}
	EndGlobalSection
EndGlobal
